
Microsoft Visual Studio Solution File, Format Version 12.00
# Visual Studio 15
VisualStudioVersion = 15.0.28010.2041
MinimumVisualStudioVersion = 10.0.40219.1
Project("{FAE04EC0-301F-11D3-BF4B-00C04F79EFBC}") = "Nomad", "Nomad\Nomad.csproj", "{230033F3-636A-4179-825B-330665DBC6E5}"
EndProject
Project("{FAE04EC0-301F-11D3-BF4B-00C04F79EFBC}") = "Nomad.Tests", "Nomad.Tests\Nomad.Tests.csproj", "{7352AE33-05FF-4A2A-9E34-650606844670}"
EndProject
Project("{FAE04EC0-301F-11D3-BF4B-00C04F79EFBC}") = "DAL", "DAL\DAL.csproj", "{BAB86F6D-7FC9-48C3-908B-A8C14F0BC9AF}"
EndProject
Global
	GlobalSection(SolutionConfigurationPlatforms) = preSolution
		Debug|Any CPU = Debug|Any CPU
		Release|Any CPU = Release|Any CPU
	EndGlobalSection
	GlobalSection(ProjectConfigurationPlatforms) = postSolution
		{230033F3-636A-4179-825B-330665DBC6E5}.Debug|Any CPU.ActiveCfg = Debug|Any CPU
		{230033F3-636A-4179-825B-330665DBC6E5}.Debug|Any CPU.Build.0 = Debug|Any CPU
		{230033F3-636A-4179-825B-330665DBC6E5}.Release|Any CPU.ActiveCfg = Release|Any CPU
		{230033F3-636A-4179-825B-330665DBC6E5}.Release|Any CPU.Build.0 = Release|Any CPU
		{7352AE33-05FF-4A2A-9E34-650606844670}.Debug|Any CPU.ActiveCfg = Debug|Any CPU
		{7352AE33-05FF-4A2A-9E34-650606844670}.Debug|Any CPU.Build.0 = Debug|Any CPU
		{7352AE33-05FF-4A2A-9E34-650606844670}.Release|Any CPU.ActiveCfg = Release|Any CPU
		{7352AE33-05FF-4A2A-9E34-650606844670}.Release|Any CPU.Build.0 = Release|Any CPU
		{BAB86F6D-7FC9-48C3-908B-A8C14F0BC9AF}.Debug|Any CPU.ActiveCfg = Debug|Any CPU
		{BAB86F6D-7FC9-48C3-908B-A8C14F0BC9AF}.Debug|Any CPU.Build.0 = Debug|Any CPU
		{BAB86F6D-7FC9-48C3-908B-A8C14F0BC9AF}.Release|Any CPU.ActiveCfg = Release|Any CPU
		{BAB86F6D-7FC9-48C3-908B-A8C14F0BC9AF}.Release|Any CPU.Build.0 = Release|Any CPU
	EndGlobalSection
	GlobalSection(SolutionProperties) = preSolution
		HideSolutionNode = FALSE
	EndGlobalSection
	GlobalSection(ExtensibilityGlobals) = postSolution
		SolutionGuid = {14C4FC98-419D-412A-9EB6-124964441716}
	EndGlobalSection
EndGlobal
